<?xml version="1.0" encoding="UTF-8" standalone="yes" ?>
<CodeBlocks_project_file>
	<FileVersion major="1" minor="6" />
	<Project>
		<Option title="PersonVehicleManagment" />
		<Option pch_mode="2" />
		<Option compiler="gcc" />
		<Build>
			<Target title="Debug">
				<Option output="bin/Debug/PersonVehicleManagment" prefix_auto="1" extension_auto="1" />
				<Option object_output="obj/Debug/" />
				<Option type="1" />
				<Option compiler="gcc" />
				<Compiler>
					<Add option="-g" />
				</Compiler>
			</Target>
			<Target title="Release">
				<Option output="bin/Release/PersonVehicleManagment" prefix_auto="1" extension_auto="1" />
				<Option object_output="obj/Release/" />
				<Option type="1" />
				<Option compiler="gcc" />
				<Compiler>
					<Add option="-O2" />
				</Compiler>
				<Linker>
					<Add option="-s" />
				</Linker>
			</Target>
		</Build>
		<Compiler>
			<Add option="-Wall" />
			<Add option="-fexceptions" />
		</Compiler>
		<Unit filename="ControlCenter.cpp" />
		<Unit filename="ControlCenter.h" />
		<Unit filename="PeopleList.cpp" />
		<Unit filename="PeopleList.h" />
		<Unit filename="Person.cpp" />
		<Unit filename="Person.h" />
		<Unit filename="Registration.cpp" />
		<Unit filename="Registration.h" />
		<Unit filename="Vehicle.cpp" />
		<Unit filename="Vehicle.h" />
		<Unit filename="VehicleList.cpp" />
		<Unit filename="VehicleList.h" />
		<Unit filename="main.cpp" />
		<Extensions>
			<lib_finder disable_auto="1" />
		</Extensions>
	</Project>
</CodeBlocks_project_file>
